
Microsoft Visual Studio Solution File, Format Version 12.00
# Visual Studio Version 17
VisualStudioVersion = 17.5.002.0
MinimumVisualStudioVersion = 10.0.40219.1
Project("{9A19103F-16F7-4668-BE54-9A1E7A4F7556}") = "Programacion1", "Programacion1.csproj", "{F15482E6-6259-4C1A-871A-4B7DACC108D8}"
EndProject
Global
	GlobalSection(SolutionConfigurationPlatforms) = preSolution
		Debug|Any CPU = Debug|Any CPU
		Release|Any CPU = Release|Any CPU
	EndGlobalSection
	GlobalSection(ProjectConfigurationPlatforms) = postSolution
		{F15482E6-6259-4C1A-871A-4B7DACC108D8}.Debug|Any CPU.ActiveCfg = Debug|Any CPU
		{F15482E6-6259-4C1A-871A-4B7DACC108D8}.Debug|Any CPU.Build.0 = Debug|Any CPU
		{F15482E6-6259-4C1A-871A-4B7DACC108D8}.Release|Any CPU.ActiveCfg = Release|Any CPU
		{F15482E6-6259-4C1A-871A-4B7DACC108D8}.Release|Any CPU.Build.0 = Release|Any CPU
	EndGlobalSection
	GlobalSection(SolutionProperties) = preSolution
		HideSolutionNode = FALSE
	EndGlobalSection
	GlobalSection(ExtensibilityGlobals) = postSolution
		SolutionGuid = {9040619A-34AD-4B9C-AE8D-1DAE3065AE17}
	EndGlobalSection
EndGlobal
